// !$*UTF8*$!
{
	archiveVersion = 1;
	classes = {
	};
	objectVersion = 77;
	objects = {

/* Begin PBXBuildFile section */
		EF59C0E32F8F30A1000BAA68 /* AppDelegate.swift in Sources */ = {isa = PBXBuildFile; fileRef = EF59C0E22F8F30A1000BAA68 /* AppDelegate.swift */; };
		EF59C0E72F8F30A1000BAA68 /* Main.html in Resources */ = {isa = PBXBuildFile; fileRef = EF59C0E52F8F30A1000BAA68 /* Main.html */; };
		EF59C0E92F8F30A1000BAA68 /* Icon.png in Resources */ = {isa = PBXBuildFile; fileRef = EF59C0E82F8F30A1000BAA68 /* Icon.png */; };
		EF59C0EB2F8F30A1000BAA68 /* Style.css in Resources */ = {isa = PBXBuildFile; fileRef = EF59C0EA2F8F30A1000BAA68 /* Style.css */; };
		EF59C0ED2F8F30A1000BAA68 /* Script.js in Resources */ = {isa = PBXBuildFile; fileRef = EF59C0EC2F8F30A1000BAA68 /* Script.js */; };
		EF59C0EF2F8F30A1000BAA68 /* ViewController.swift in Sources */ = {isa = PBXBuildFile; fileRef = EF59C0EE2F8F30A1000BAA68 /* ViewController.swift */; };
		EF59C0F22F8F30A1000BAA68 /* Main.storyboard in Resources */ = {isa = PBXBuildFile; fileRef = EF59C0F02F8F30A1000BAA68 /* Main.storyboard */; };
		EF59C0F42F8F30A5000BAA68 /* Assets.xcassets in Resources */ = {isa = PBXBuildFile; fileRef = EF59C0F32F8F30A5000BAA68 /* Assets.xcassets */; };
		EF59C0FB2F8F30A5000BAA68 /* Vigil Capture Extension.appex in Embed Foundation Extensions */ = {isa = PBXBuildFile; fileRef = EF59C0FA2F8F30A5000BAA68 /* Vigil Capture Extension.appex */; settings = {ATTRIBUTES = (RemoveHeadersOnCopy, ); }; };
		EF59C1002F8F30A5000BAA68 /* SafariWebExtensionHandler.swift in Sources */ = {isa = PBXBuildFile; fileRef = EF59C0FF2F8F30A5000BAA68 /* SafariWebExtensionHandler.swift */; };
		EF59C1112F8F30A8000BAA68 /* popup.js in Resources */ = {isa = PBXBuildFile; fileRef = EF59C10C2F8F30A8000BAA68 /* popup.js */; };
		EF59C1122F8F30A8000BAA68 /* popup.html in Resources */ = {isa = PBXBuildFile; fileRef = EF59C10D2F8F30A8000BAA68 /* popup.html */; };
		EF59C1132F8F30A8000BAA68 /* icons in Resources */ = {isa = PBXBuildFile; fileRef = EF59C10E2F8F30A8000BAA68 /* icons */; };
		EF59C1142F8F30A8000BAA68 /* manifest.json in Resources */ = {isa = PBXBuildFile; fileRef = EF59C10F2F8F30A8000BAA68 /* manifest.json */; };
		EF59C1152F8F30A8000BAA68 /* popup.css in Resources */ = {isa = PBXBuildFile; fileRef = EF59C1102F8F30A8000BAA68 /* popup.css */; };
/* End PBXBuildFile section */

/* Begin PBXContainerItemProxy section */
		EF59C0FC2F8F30A5000BAA68 /* PBXContainerItemProxy */ = {
			isa = PBXContainerItemProxy;
			containerPortal = EF59C0D72F8F30A1000BAA68 /* Project object */;
			proxyType = 1;
			remoteGlobalIDString = EF59C0F92F8F30A5000BAA68;
			remoteInfo = "Vigil Capture Extension";
		};
/* End PBXContainerItemProxy section */

/* Begin PBXCopyFilesBuildPhase section */
		EF59C1072F8F30A5000BAA68 /* Embed Foundation Extensions */ = {
			isa = PBXCopyFilesBuildPhase;
			buildActionMask = 2147483647;
			dstPath = "";
			dstSubfolderSpec = 13;
			files = (
				EF59C0FB2F8F30A5000BAA68 /* Vigil Capture Extension.appex in Embed Foundation Extensions */,
			);
			name = "Embed Foundation Extensions";
			runOnlyForDeploymentPostprocessing = 0;
		};
/* End PBXCopyFilesBuildPhase section */

/* Begin PBXFileReference section */
		EF59C0DF2F8F30A1000BAA68 /* Vigil Capture.app */ = {isa = PBXFileReference; explicitFileType = wrapper.application; includeInIndex = 0; path = "Vigil Capture.app"; sourceTree = BUILT_PRODUCTS_DIR; };
		EF59C0E22F8F30A1000BAA68 /* AppDelegate.swift */ = {isa = PBXFileReference; lastKnownFileType = sourcecode.swift; path = AppDelegate.swift; sourceTree = "<group>"; };
		EF59C0E62F8F30A1000BAA68 /* Base */ = {isa = PBXFileReference; lastKnownFileType = text.html; name = Base; path = Base.lproj/Main.html; sourceTree = "<group>"; };
		EF59C0E82F8F30A1000BAA68 /* Icon.png */ = {isa = PBXFileReference; lastKnownFileType = image.png; path = Icon.png; sourceTree = "<group>"; };
		EF59C0EA2F8F30A1000BAA68 /* Style.css */ = {isa = PBXFileReference; lastKnownFileType = text.css; path = Style.css; sourceTree = "<group>"; };
		EF59C0EC2F8F30A1000BAA68 /* Script.js */ = {isa = PBXFileReference; lastKnownFileType = sourcecode.javascript; path = Script.js; sourceTree = "<group>"; };
		EF59C0EE2F8F30A1000BAA68 /* ViewController.swift */ = {isa = PBXFileReference; lastKnownFileType = sourcecode.swift; path = ViewController.swift; sourceTree = "<group>"; };
		EF59C0F12F8F30A1000BAA68 /* Base */ = {isa = PBXFileReference; lastKnownFileType = file.storyboard; name = Base; path = Base.lproj/Main.storyboard; sourceTree = "<group>"; };
		EF59C0F32F8F30A5000BAA68 /* Assets.xcassets */ = {isa = PBXFileReference; lastKnownFileType = folder.assetcatalog; path = Assets.xcassets; sourceTree = "<group>"; };
		EF59C0F52F8F30A5000BAA68 /* Info.plist */ = {isa = PBXFileReference; lastKnownFileType = text.plist.xml; path = Info.plist; sourceTree = "<group>"; };
		EF59C0FA2F8F30A5000BAA68 /* Vigil Capture Extension.appex */ = {isa = PBXFileReference; explicitFileType = "wrapper.app-extension"; includeInIndex = 0; path = "Vigil Capture Extension.appex"; sourceTree = BUILT_PRODUCTS_DIR; };
		EF59C0FF2F8F30A5000BAA68 /* SafariWebExtensionHandler.swift */ = {isa = PBXFileReference; lastKnownFileType = sourcecode.swift; path = SafariWebExtensionHandler.swift; sourceTree = "<group>"; };
		EF59C1012F8F30A5000BAA68 /* Info.plist */ = {isa = PBXFileReference; lastKnownFileType = text.plist.xml; path = Info.plist; sourceTree = "<group>"; };
		EF59C10C2F8F30A8000BAA68 /* popup.js */ = {isa = PBXFileReference; lastKnownFileType = sourcecode.javascript; name = popup.js; path = Resources/popup.js; sourceTree = "<group>"; };
		EF59C10D2F8F30A8000BAA68 /* popup.html */ = {isa = PBXFileReference; lastKnownFileType = text.html; name = popup.html; path = Resources/popup.html; sourceTree = "<group>"; };
		EF59C10E2F8F30A8000BAA68 /* icons */ = {isa = PBXFileReference; lastKnownFileType = folder; name = icons; path = Resources/icons; sourceTree = "<group>"; };
		EF59C10F2F8F30A8000BAA68 /* manifest.json */ = {isa = PBXFileReference; lastKnownFileType = text.json; name = manifest.json; path = Resources/manifest.json; sourceTree = "<group>"; };
		EF59C1102F8F30A8000BAA68 /* popup.css */ = {isa = PBXFileReference; lastKnownFileType = text.css; name = popup.css; path = Resources/popup.css; sourceTree = "<group>"; };
/* End PBXFileReference section */

/* Begin PBXFrameworksBuildPhase section */
		EF59C0DC2F8F30A1000BAA68 /* Frameworks */ = {
			isa = PBXFrameworksBuildPhase;
			buildActionMask = 2147483647;
			files = (
			);
			runOnlyForDeploymentPostprocessing = 0;
		};
		EF59C0F72F8F30A5000BAA68 /* Frameworks */ = {
			isa = PBXFrameworksBuildPhase;
			buildActionMask = 2147483647;
			files = (
			);
			runOnlyForDeploymentPostprocessing = 0;
		};
/* End PBXFrameworksBuildPhase section */

/* Begin PBXGroup section */
		EF59C0D62F8F30A1000BAA68 = {
			isa = PBXGroup;
			children = (
				EF59C0E12F8F30A1000BAA68 /* Vigil Capture */,
				EF59C0FE2F8F30A5000BAA68 /* Vigil Capture Extension */,
				EF59C0E02F8F30A1000BAA68 /* Products */,
			);
			sourceTree = "<group>";
		};
		EF59C0E02F8F30A1000BAA68 /* Products */ = {
			isa = PBXGroup;
			children = (
				EF59C0DF2F8F30A1000BAA68 /* Vigil Capture.app */,
				EF59C0FA2F8F30A5000BAA68 /* Vigil Capture Extension.appex */,
			);
			name = Products;
			sourceTree = "<group>";
		};
		EF59C0E12F8F30A1000BAA68 /* Vigil Capture */ = {
			isa = PBXGroup;
			children = (
				EF59C0E22F8F30A1000BAA68 /* AppDelegate.swift */,
				EF59C0EE2F8F30A1000BAA68 /* ViewController.swift */,
				EF59C0F02F8F30A1000BAA68 /* Main.storyboard */,
				EF59C0F32F8F30A5000BAA68 /* Assets.xcassets */,
				EF59C0F52F8F30A5000BAA68 /* Info.plist */,
				EF59C0E42F8F30A1000BAA68 /* Resources */,
			);
			path = "Vigil Capture";
			sourceTree = "<group>";
		};
		EF59C0E42F8F30A1000BAA68 /* Resources */ = {
			isa = PBXGroup;
			children = (
				EF59C0E52F8F30A1000BAA68 /* Main.html */,
				EF59C0E82F8F30A1000BAA68 /* Icon.png */,
				EF59C0EA2F8F30A1000BAA68 /* Style.css */,
				EF59C0EC2F8F30A1000BAA68 /* Script.js */,
			);
			path = Resources;
			sourceTree = "<group>";
		};
		EF59C0FE2F8F30A5000BAA68 /* Vigil Capture Extension */ = {
			isa = PBXGroup;
			children = (
				EF59C10B2F8F30A8000BAA68 /* Resources */,
				EF59C0FF2F8F30A5000BAA68 /* SafariWebExtensionHandler.swift */,
				EF59C1012F8F30A5000BAA68 /* Info.plist */,
			);
			path = "Vigil Capture Extension";
			sourceTree = "<group>";
		};
		EF59C10B2F8F30A8000BAA68 /* Resources */ = {
			isa = PBXGroup;
			children = (
				EF59C10C2F8F30A8000BAA68 /* popup.js */,
				EF59C10D2F8F30A8000BAA68 /* popup.html */,
				EF59C10E2F8F30A8000BAA68 /* icons */,
				EF59C10F2F8F30A8000BAA68 /* manifest.json */,
				EF59C1102F8F30A8000BAA68 /* popup.css */,
			);
			name = Resources;
			path = "Vigil Capture Extension";
			sourceTree = SOURCE_ROOT;
		};
/* End PBXGroup section */

/* Begin PBXNativeTarget section */
		EF59C0DE2F8F30A1000BAA68 /* Vigil Capture */ = {
			isa = PBXNativeTarget;
			buildConfigurationList = EF59C1082F8F30A5000BAA68 /* Build configuration list for PBXNativeTarget "Vigil Capture" */;
			buildPhases = (
				EF59C0DB2F8F30A1000BAA68 /* Sources */,
				EF59C0DC2F8F30A1000BAA68 /* Frameworks */,
				EF59C0DD2F8F30A1000BAA68 /* Resources */,
				EF59C1072F8F30A5000BAA68 /* Embed Foundation Extensions */,
			);
			buildRules = (
			);
			dependencies = (
				EF59C0FD2F8F30A5000BAA68 /* PBXTargetDependency */,
			);
			name = "Vigil Capture";
			packageProductDependencies = (
			);
			productName = "Vigil Capture";
			productReference = EF59C0DF2F8F30A1000BAA68 /* Vigil Capture.app */;
			productType = "com.apple.product-type.application";
		};
		EF59C0F92F8F30A5000BAA68 /* Vigil Capture Extension */ = {
			isa = PBXNativeTarget;
			buildConfigurationList = EF59C1042F8F30A5000BAA68 /* Build configuration list for PBXNativeTarget "Vigil Capture Extension" */;
			buildPhases = (
				EF59C0F62F8F30A5000BAA68 /* Sources */,
				EF59C0F72F8F30A5000BAA68 /* Frameworks */,
				EF59C0F82F8F30A5000BAA68 /* Resources */,
			);
			buildRules = (
			);
			dependencies = (
			);
			name = "Vigil Capture Extension";
			packageProductDependencies = (
			);
			productName = "Vigil Capture Extension";
			productReference = EF59C0FA2F8F30A5000BAA68 /* Vigil Capture Extension.appex */;
			productType = "com.apple.product-type.app-extension";
		};
/* End PBXNativeTarget section */

/* Begin PBXProject section */
		EF59C0D72F8F30A1000BAA68 /* Project object */ = {
			isa = PBXProject;
			attributes = {
				BuildIndependentTargetsInParallel = 1;
				LastSwiftUpdateCheck = 2630;
				LastUpgradeCheck = 2630;
				TargetAttributes = {
					EF59C0DE2F8F30A1000BAA68 = {
						CreatedOnToolsVersion = 26.3;
					};
					EF59C0F92F8F30A5000BAA68 = {
						CreatedOnToolsVersion = 26.3;
					};
				};
			};
			buildConfigurationList = EF59C0DA2F8F30A1000BAA68 /* Build configuration list for PBXProject "Vigil Capture" */;
			developmentRegion = en;
			hasScannedForEncodings = 0;
			knownRegions = (
				en,
				Base,
			);
			mainGroup = EF59C0D62F8F30A1000BAA68;
			minimizedProjectReferenceProxies = 1;
			preferredProjectObjectVersion = 77;
			productRefGroup = EF59C0E02F8F30A1000BAA68 /* Products */;
			projectDirPath = "";
			projectRoot = "";
			targets = (
				EF59C0DE2F8F30A1000BAA68 /* Vigil Capture */,
				EF59C0F92F8F30A5000BAA68 /* Vigil Capture Extension */,
			);
		};
/* End PBXProject section */

/* Begin PBXResourcesBuildPhase section */
		EF59C0DD2F8F30A1000BAA68 /* Resources */ = {
			isa = PBXResourcesBuildPhase;
			buildActionMask = 2147483647;
			files = (
				EF59C0E92F8F30A1000BAA68 /* Icon.png in Resources */,
				EF59C0F22F8F30A1000BAA68 /* Main.storyboard in Resources */,
				EF59C0ED2F8F30A1000BAA68 /* Script.js in Resources */,
				EF59C0E72F8F30A1000BAA68 /* Main.html in Resources */,
				EF59C0F42F8F30A5000BAA68 /* Assets.xcassets in Resources */,
				EF59C0EB2F8F30A1000BAA68 /* Style.css in Resources */,
			);
			runOnlyForDeploymentPostprocessing = 0;
		};
		EF59C0F82F8F30A5000BAA68 /* Resources */ = {
			isa = PBXResourcesBuildPhase;
			buildActionMask = 2147483647;
			files = (
				EF59C1152F8F30A8000BAA68 /* popup.css in Resources */,
				EF59C1142F8F30A8000BAA68 /* manifest.json in Resources */,
				EF59C1132F8F30A8000BAA68 /* icons in Resources */,
				EF59C1112F8F30A8000BAA68 /* popup.js in Resources */,
				EF59C1122F8F30A8000BAA68 /* popup.html in Resources */,
			);
			runOnlyForDeploymentPostprocessing = 0;
		};
/* End PBXResourcesBuildPhase section */

/* Begin PBXSourcesBuildPhase section */
		EF59C0DB2F8F30A1000BAA68 /* Sources */ = {
			isa = PBXSourcesBuildPhase;
			buildActionMask = 2147483647;
			files = (
				EF59C0EF2F8F30A1000BAA68 /* ViewController.swift in Sources */,
				EF59C0E32F8F30A1000BAA68 /* AppDelegate.swift in Sources */,
			);
			runOnlyForDeploymentPostprocessing = 0;
		};
		EF59C0F62F8F30A5000BAA68 /* Sources */ = {
			isa = PBXSourcesBuildPhase;
			buildActionMask = 2147483647;
			files = (
				EF59C1002F8F30A5000BAA68 /* SafariWebExtensionHandler.swift in Sources */,
			);
			runOnlyForDeploymentPostprocessing = 0;
		};
/* End PBXSourcesBuildPhase section */

/* Begin PBXTargetDependency section */
		EF59C0FD2F8F30A5000BAA68 /* PBXTargetDependency */ = {
			isa = PBXTargetDependency;
			target = EF59C0F92F8F30A5000BAA68 /* Vigil Capture Extension */;
			targetProxy = EF59C0FC2F8F30A5000BAA68 /* PBXContainerItemProxy */;
		};
/* End PBXTargetDependency section */

/* Begin PBXVariantGroup section */
		EF59C0E52F8F30A1000BAA68 /* Main.html */ = {
			isa = PBXVariantGroup;
			children = (
				EF59C0E62F8F30A1000BAA68 /* Base */,
			);
			name = Main.html;
			sourceTree = "<group>";
		};
		EF59C0F02F8F30A1000BAA68 /* Main.storyboard */ = {
			isa = PBXVariantGroup;
			children = (
				EF59C0F12F8F30A1000BAA68 /* Base */,
			);
			name = Main.storyboard;
			sourceTree = "<group>";
		};
/* End PBXVariantGroup section */

/* Begin XCBuildConfiguration section */
		EF59C1022F8F30A5000BAA68 /* Debug */ = {
			isa = XCBuildConfiguration;
			buildSettings = {
				ALWAYS_SEARCH_USER_PATHS = NO;
				ASSETCATALOG_COMPILER_GENERATE_SWIFT_ASSET_SYMBOL_EXTENSIONS = YES;
				CLANG_ANALYZER_NONNULL = YES;
				CLANG_ANALYZER_NUMBER_OBJECT_CONVERSION = YES_AGGRESSIVE;
				CLANG_CXX_LANGUAGE_STANDARD = "gnu++20";
				CLANG_ENABLE_MODULES = YES;
				CLANG_ENABLE_OBJC_ARC = YES;
				CLANG_ENABLE_OBJC_WEAK = YES;
				CLANG_WARN_BLOCK_CAPTURE_AUTORELEASING = YES;
				CLANG_WARN_BOOL_CONVERSION = YES;
				CLANG_WARN_COMMA = YES;
				CLANG_WARN_CONSTANT_CONVERSION = YES;
				CLANG_WARN_DEPRECATED_OBJC_IMPLEMENTATIONS = YES;
				CLANG_WARN_DIRECT_OBJC_ISA_USAGE = YES_ERROR;
				CLANG_WARN_DOCUMENTATION_COMMENTS = YES;
				CLANG_WARN_EMPTY_BODY = YES;
				CLANG_WARN_ENUM_CONVERSION = YES;
				CLANG_WARN_INFINITE_RECURSION = YES;
				CLANG_WARN_INT_CONVERSION = YES;
				CLANG_WARN_NON_LITERAL_NULL_CONVERSION = YES;
				CLANG_WARN_OBJC_IMPLICIT_RETAIN_SELF = YES;
				CLANG_WARN_OBJC_LITERAL_CONVERSION = YES;
				CLANG_WARN_OBJC_ROOT_CLASS = YES_ERROR;
				CLANG_WARN_QUOTED_INCLUDE_IN_FRAMEWORK_HEADER = YES;
				CLANG_WARN_RANGE_LOOP_ANALYSIS = YES;
				CLANG_WARN_STRICT_PROTOTYPES = YES;
				CLANG_WARN_SUSPICIOUS_MOVE = YES;
				CLANG_WARN_UNGUARDED_AVAILABILITY = YES_AGGRESSIVE;
				CLANG_WARN_UNREACHABLE_CODE = YES;
				CLANG_WARN__DUPLICATE_METHOD_MATCH = YES;
				COPY_PHASE_STRIP = NO;
				DEBUG_INFORMATION_FORMAT = dwarf;
				ENABLE_STRICT_OBJC_MSGSEND = YES;
				ENABLE_TESTABILITY = YES;
				ENABLE_USER_SCRIPT_SANDBOXING = YES;
				GCC_C_LANGUAGE_STANDARD = gnu17;
				GCC_DYNAMIC_NO_PIC = NO;
				GCC_NO_COMMON_BLOCKS = YES;
				GCC_OPTIMIZATION_LEVEL = 0;
				GCC_PREPROCESSOR_DEFINITIONS = (
					"DEBUG=1",
					"$(inherited)",
				);
				GCC_WARN_64_TO_32_BIT_CONVERSION = YES;
				GCC_WARN_ABOUT_RETURN_TYPE = YES_ERROR;
				GCC_WARN_UNDECLARED_SELECTOR = YES;
				GCC_WARN_UNINITIALIZED_AUTOS = YES_AGGRESSIVE;
				GCC_WARN_UNUSED_FUNCTION = YES;
				GCC_WARN_UNUSED_VARIABLE = YES;
				LOCALIZATION_PREFERS_STRING_CATALOGS = YES;
				MACOSX_DEPLOYMENT_TARGET = 15.7;
				MTL_ENABLE_DEBUG_INFO = INCLUDE_SOURCE;
				MTL_FAST_MATH = YES;
				ONLY_ACTIVE_ARCH = YES;
				SDKROOT = macosx;
				SWIFT_ACTIVE_COMPILATION_CONDITIONS = "DEBUG $(inherited)";
				SWIFT_OPTIMIZATION_LEVEL = "-Onone";
			};
			name = Debug;
		};
		EF59C1032F8F30A5000BAA68 /* Release */ = {
			isa = XCBuildConfiguration;
			buildSettings = {
				ALWAYS_SEARCH_USER_PATHS = NO;
				ASSETCATALOG_COMPILER_GENERATE_SWIFT_ASSET_SYMBOL_EXTENSIONS = YES;
				CLANG_ANALYZER_NONNULL = YES;
				CLANG_ANALYZER_NUMBER_OBJECT_CONVERSION = YES_AGGRESSIVE;
				CLANG_CXX_LANGUAGE_STANDARD = "gnu++20";
				CLANG_ENABLE_MODULES = YES;
				CLANG_ENABLE_OBJC_ARC = YES;
				CLANG_ENABLE_OBJC_WEAK = YES;
				CLANG_WARN_BLOCK_CAPTURE_AUTORELEASING = YES;
				CLANG_WARN_BOOL_CONVERSION = YES;
				CLANG_WARN_COMMA = YES;
				CLANG_WARN_CONSTANT_CONVERSION = YES;
				CLANG_WARN_DEPRECATED_OBJC_IMPLEMENTATIONS = YES;
				CLANG_WARN_DIRECT_OBJC_ISA_USAGE = YES_ERROR;
				CLANG_WARN_DOCUMENTATION_COMMENTS = YES;
				CLANG_WARN_EMPTY_BODY = YES;
				CLANG_WARN_ENUM_CONVERSION = YES;
				CLANG_WARN_INFINITE_RECURSION = YES;
				CLANG_WARN_INT_CONVERSION = YES;
				CLANG_WARN_NON_LITERAL_NULL_CONVERSION = YES;
				CLANG_WARN_OBJC_IMPLICIT_RETAIN_SELF = YES;
				CLANG_WARN_OBJC_LITERAL_CONVERSION = YES;
				CLANG_WARN_OBJC_ROOT_CLASS = YES_ERROR;
				CLANG_WARN_QUOTED_INCLUDE_IN_FRAMEWORK_HEADER = YES;
				CLANG_WARN_RANGE_LOOP_ANALYSIS = YES;
				CLANG_WARN_STRICT_PROTOTYPES = YES;
				CLANG_WARN_SUSPICIOUS_MOVE = YES;
				CLANG_WARN_UNGUARDED_AVAILABILITY = YES_AGGRESSIVE;
				CLANG_WARN_UNREACHABLE_CODE = YES;
				CLANG_WARN__DUPLICATE_METHOD_MATCH = YES;
				COPY_PHASE_STRIP = NO;
				DEBUG_INFORMATION_FORMAT = "dwarf-with-dsym";
				ENABLE_NS_ASSERTIONS = NO;
				ENABLE_STRICT_OBJC_MSGSEND = YES;
				ENABLE_USER_SCRIPT_SANDBOXING = YES;
				GCC_C_LANGUAGE_STANDARD = gnu17;
				GCC_NO_COMMON_BLOCKS = YES;
				GCC_WARN_64_TO_32_BIT_CONVERSION = YES;
				GCC_WARN_ABOUT_RETURN_TYPE = YES_ERROR;
				GCC_WARN_UNDECLARED_SELECTOR = YES;
				GCC_WARN_UNINITIALIZED_AUTOS = YES_AGGRESSIVE;
				GCC_WARN_UNUSED_FUNCTION = YES;
				GCC_WARN_UNUSED_VARIABLE = YES;
				LOCALIZATION_PREFERS_STRING_CATALOGS = YES;
				MACOSX_DEPLOYMENT_TARGET = 15.7;
				MTL_ENABLE_DEBUG_INFO = NO;
				MTL_FAST_MATH = YES;
				SDKROOT = macosx;
				SWIFT_COMPILATION_MODE = wholemodule;
			};
			name = Release;
		};
		EF59C1052F8F30A5000BAA68 /* Debug */ = {
			isa = XCBuildConfiguration;
			buildSettings = {
				CODE_SIGN_STYLE = Automatic;
				CURRENT_PROJECT_VERSION = 1;
				DEVELOPMENT_TEAM = 5H57ADQS8G;
				ENABLE_APP_SANDBOX = YES;
				ENABLE_HARDENED_RUNTIME = YES;
				ENABLE_USER_SELECTED_FILES = readonly;
				GENERATE_INFOPLIST_FILE = YES;
				INFOPLIST_FILE = "Vigil Capture Extension/Info.plist";
				INFOPLIST_KEY_CFBundleDisplayName = "Vigil Capture Extension";
				INFOPLIST_KEY_NSHumanReadableCopyright = "";
				LD_RUNPATH_SEARCH_PATHS = (
					"$(inherited)",
					"@executable_path/../Frameworks",
					"@executable_path/../../../../Frameworks",
				);
				MACOSX_DEPLOYMENT_TARGET = 10.14;
				MARKETING_VERSION = 1.0;
				OTHER_LDFLAGS = (
					"-framework",
					SafariServices,
				);
				PRODUCT_BUNDLE_IDENTIFIER = io.vigilhub.extension.Extension;
				PRODUCT_NAME = "$(TARGET_NAME)";
				SKIP_INSTALL = YES;
				STRING_CATALOG_GENERATE_SYMBOLS = YES;
				SWIFT_APPROACHABLE_CONCURRENCY = YES;
				SWIFT_EMIT_LOC_STRINGS = YES;
				SWIFT_UPCOMING_FEATURE_MEMBER_IMPORT_VISIBILITY = YES;
				SWIFT_VERSION = 5.0;
			};
			name = Debug;
		};
		EF59C1062F8F30A5000BAA68 /* Release */ = {
			isa = XCBuildConfiguration;
			buildSettings = {
				CODE_SIGN_STYLE = Automatic;
				CURRENT_PROJECT_VERSION = 1;
				DEVELOPMENT_TEAM = 5H57ADQS8G;
				ENABLE_APP_SANDBOX = YES;
				ENABLE_HARDENED_RUNTIME = YES;
				ENABLE_USER_SELECTED_FILES = readonly;
				GENERATE_INFOPLIST_FILE = YES;
				INFOPLIST_FILE = "Vigil Capture Extension/Info.plist";
				INFOPLIST_KEY_CFBundleDisplayName = "Vigil Capture Extension";
				INFOPLIST_KEY_NSHumanReadableCopyright = "";
				LD_RUNPATH_SEARCH_PATHS = (
					"$(inherited)",
					"@executable_path/../Frameworks",
					"@executable_path/../../../../Frameworks",
				);
				MACOSX_DEPLOYMENT_TARGET = 10.14;
				MARKETING_VERSION = 1.0;
				OTHER_LDFLAGS = (
					"-framework",
					SafariServices,
				);
				PRODUCT_BUNDLE_IDENTIFIER = io.vigilhub.extension.Extension;
				PRODUCT_NAME = "$(TARGET_NAME)";
				SKIP_INSTALL = YES;
				STRING_CATALOG_GENERATE_SYMBOLS = YES;
				SWIFT_APPROACHABLE_CONCURRENCY = YES;
				SWIFT_EMIT_LOC_STRINGS = YES;
				SWIFT_UPCOMING_FEATURE_MEMBER_IMPORT_VISIBILITY = YES;
				SWIFT_VERSION = 5.0;
			};
			name = Release;
		};
		EF59C1092F8F30A5000BAA68 /* Debug */ = {
			isa = XCBuildConfiguration;
			buildSettings = {
				ASSETCATALOG_COMPILER_APPICON_NAME = AppIcon;
				ASSETCATALOG_COMPILER_GLOBAL_ACCENT_COLOR_NAME = AccentColor;
				CODE_SIGN_STYLE = Automatic;
				COMBINE_HIDPI_IMAGES = YES;
				CURRENT_PROJECT_VERSION = 1;
				DEVELOPMENT_TEAM = 5H57ADQS8G;
				ENABLE_APP_SANDBOX = YES;
				ENABLE_HARDENED_RUNTIME = YES;
				ENABLE_OUTGOING_NETWORK_CONNECTIONS = YES;
				ENABLE_USER_SELECTED_FILES = readonly;
				GENERATE_INFOPLIST_FILE = YES;
				INFOPLIST_FILE = "Vigil Capture/Info.plist";
				INFOPLIST_KEY_CFBundleDisplayName = "Vigil Capture";
				INFOPLIST_KEY_NSHumanReadableCopyright = "";
				INFOPLIST_KEY_NSMainStoryboardFile = Main;
				INFOPLIST_KEY_NSPrincipalClass = NSApplication;
				LD_RUNPATH_SEARCH_PATHS = (
					"$(inherited)",
					"@executable_path/../Frameworks",
				);
				MARKETING_VERSION = 1.0;
				OTHER_LDFLAGS = (
					"-framework",
					SafariServices,
					"-framework",
					WebKit,
				);
				PRODUCT_BUNDLE_IDENTIFIER = io.vigilhub.extension;
				PRODUCT_NAME = "$(TARGET_NAME)";
				REGISTER_APP_GROUPS = YES;
				STRING_CATALOG_GENERATE_SYMBOLS = YES;
				SWIFT_APPROACHABLE_CONCURRENCY = YES;
				SWIFT_DEFAULT_ACTOR_ISOLATION = MainActor;
				SWIFT_EMIT_LOC_STRINGS = YES;
				SWIFT_UPCOMING_FEATURE_MEMBER_IMPORT_VISIBILITY = YES;
				SWIFT_VERSION = 5.0;
			};
			name = Debug;
		};
		EF59C10A2F8F30A5000BAA68 /* Release */ = {
			isa = XCBuildConfiguration;
			buildSettings = {
				ASSETCATALOG_COMPILER_APPICON_NAME = AppIcon;
				ASSETCATALOG_COMPILER_GLOBAL_ACCENT_COLOR_NAME = AccentColor;
				CODE_SIGN_STYLE = Automatic;
				COMBINE_HIDPI_IMAGES = YES;
				CURRENT_PROJECT_VERSION = 1;
				DEVELOPMENT_TEAM = 5H57ADQS8G;
				ENABLE_APP_SANDBOX = YES;
				ENABLE_HARDENED_RUNTIME = YES;
				ENABLE_OUTGOING_NETWORK_CONNECTIONS = YES;
				ENABLE_USER_SELECTED_FILES = readonly;
				GENERATE_INFOPLIST_FILE = YES;
				INFOPLIST_FILE = "Vigil Capture/Info.plist";
				INFOPLIST_KEY_CFBundleDisplayName = "Vigil Capture";
				INFOPLIST_KEY_NSHumanReadableCopyright = "";
				INFOPLIST_KEY_NSMainStoryboardFile = Main;
				INFOPLIST_KEY_NSPrincipalClass = NSApplication;
				LD_RUNPATH_SEARCH_PATHS = (
					"$(inherited)",
					"@executable_path/../Frameworks",
				);
				MARKETING_VERSION = 1.0;
				OTHER_LDFLAGS = (
					"-framework",
					SafariServices,
					"-framework",
					WebKit,
				);
				PRODUCT_BUNDLE_IDENTIFIER = io.vigilhub.extension;
				PRODUCT_NAME = "$(TARGET_NAME)";
				REGISTER_APP_GROUPS = YES;
				STRING_CATALOG_GENERATE_SYMBOLS = YES;
				SWIFT_APPROACHABLE_CONCURRENCY = YES;
				SWIFT_DEFAULT_ACTOR_ISOLATION = MainActor;
				SWIFT_EMIT_LOC_STRINGS = YES;
				SWIFT_UPCOMING_FEATURE_MEMBER_IMPORT_VISIBILITY = YES;
				SWIFT_VERSION = 5.0;
			};
			name = Release;
		};
/* End XCBuildConfiguration section */

/* Begin XCConfigurationList section */
		EF59C0DA2F8F30A1000BAA68 /* Build configuration list for PBXProject "Vigil Capture" */ = {
			isa = XCConfigurationList;
			buildConfigurations = (
				EF59C1022F8F30A5000BAA68 /* Debug */,
				EF59C1032F8F30A5000BAA68 /* Release */,
			);
			defaultConfigurationIsVisible = 0;
			defaultConfigurationName = Release;
		};
		EF59C1042F8F30A5000BAA68 /* Build configuration list for PBXNativeTarget "Vigil Capture Extension" */ = {
			isa = XCConfigurationList;
			buildConfigurations = (
				EF59C1052F8F30A5000BAA68 /* Debug */,
				EF59C1062F8F30A5000BAA68 /* Release */,
			);
			defaultConfigurationIsVisible = 0;
			defaultConfigurationName = Release;
		};
		EF59C1082F8F30A5000BAA68 /* Build configuration list for PBXNativeTarget "Vigil Capture" */ = {
			isa = XCConfigurationList;
			buildConfigurations = (
				EF59C1092F8F30A5000BAA68 /* Debug */,
				EF59C10A2F8F30A5000BAA68 /* Release */,
			);
			defaultConfigurationIsVisible = 0;
			defaultConfigurationName = Release;
		};
/* End XCConfigurationList section */
	};
	rootObject = EF59C0D72F8F30A1000BAA68 /* Project object */;
}
